lockfileVersion: '9.0'

settings:
  autoInstallPeers: true
  excludeLinksFromLockfile: false

importers:

  .:
    dependencies:
      '@mysten/sui':
        specifier: 2.23.1
        version: 2.23.1(typescript@6.0.3)

packages:

  '@0no-co/graphql.web@1.3.3':
    resolution: {integrity: sha512-4gFGBdyaFmQ6n9euhp5JtIGS4ZeivwDr1tCPENUxTvy5wyv532yOtFCr9zzYAJh1s6uibgC+TRXUcay+mxzCoQ==}
    peerDependencies:
      graphql: ^14.0.0 || ^15.0.0 || ^16.0.0
    peerDependenciesMeta:
      graphql:
        optional: true

  '@0no-co/graphqlsp@1.17.3':
    resolution: {integrity: sha512-4PPvxDPmbntddpgMyA3VId5/E9YGdRuuS/mW+THOvtTx/C79Pf+lN28LkNNACJrF9L7YACiAJelyOkC6LqUzvw==}
    peerDependencies:
      graphql: ^15.5.0 || ^16.0.0 || ^17.0.0
      typescript: ^5.0.0 || ^6.0.0

  '@gql.tada/cli-utils@1.9.3':
    resolution: {integrity: sha512-P1TiXErpJwIi73sei5fzwGA/SOeCaIHFWFR4RdZPLwqxZzQN0T6MAUivzXBgKCORL67rvYnLaaPoWeqWq/61ug==}
    peerDependencies:
      '@0no-co/graphqlsp': ^1.16.0
      '@gql.tada/svelte-support': 1.0.3
      '@gql.tada/vue-support': 1.0.3
      graphql: ^15.5.0 || ^16.0.0 || ^17.0.0
      typescript: ^5.0.0 || ^6.0.0 || ^7.0.0 || ^8.0.0
    peerDependenciesMeta:
      '@gql.tada/svelte-support':
        optional: true
      '@gql.tada/vue-support':
        optional: true

  '@gql.tada/internal@1.2.2':
    resolution: {integrity: sha512-4lZcElPP6MC8Ct8KN70LR2WQsHjbAsyAmTGG09VsOPhx738UFIYaL0S1XiI2pqq2tj/sDs/y3b9jvKoWGL7iuQ==}
    peerDependencies:
      graphql: ^15.5.0 || ^16.0.0 || ^17.0.0
      typescript: ^5.0.0 || ^6.0.0 || ^7.0.0 || ^8.0.0

  '@graphql-typed-document-node/core@3.2.0':
    resolution: {integrity: sha512-mB9oAsNCm9aM3/SOv4YtBMqZbYj10R7dkq8byBqxGY/ncFwhf2oQzMV+LCRlWoDSEBJ3COiR1yeDvMtsoOsuFQ==}
    peerDependencies:
      graphql: ^0.8.0 || ^0.9.0 || ^0.10.0 || ^0.11.0 || ^0.12.0 || ^0.13.0 || ^14.0.0 || ^15.0.0 || ^16.0.0 || ^17.0.0

  '@mysten/bcs@2.1.0':
    resolution: {integrity: sha512-rIR/cDAqDfBDxmYEZXppN/on8gmh1OW0dYi/Bk2kMBZcYMTaBaEtEX1VR6g7HicVxuMbFAIP0/SQkdH7J9Y5dQ==}

  '@mysten/sui@2.23.1':
    resolution: {integrity: sha512-9MF+MsQWQWm6TFhUfkddigT2/aMv6t4uoOiW8aft3DFYh8k+TjErSJWKIlqKZZKO+R1paXg09qM3K0ZlOMbMfQ==}
    engines: {node: '>=22'}

  '@mysten/utils@0.4.0':
    resolution: {integrity: sha512-nHlXECBl9kE+AHF/aw5a7JVNizae8Kb71A4H18BV/sXd5/l2BaWNGWVatq05fzJo3hF78AWorDxa++1TgcBKWw==}

  '@noble/curves@2.3.0':
    resolution: {integrity: sha512-v7cY+4oWYPQszRj6ZFGzTVL7uP2TaLo1xMhWHzYC5wj0ZhOXQ5x+sBre8rF3hi8cAoi0bh1qXoovoOkdFtvqEg==}
    engines: {node: '>= 20.19.0'}

  '@noble/hashes@2.3.0':
    resolution: {integrity: sha512-oN+QwyX7VSHotibwubG3kpzbwKrfnyR6OOO+3Nk/53ADL7FmgHHz4TgrbaYKvvOw09u6QTx0oiH1cNCIOuN0CQ==}
    engines: {node: '>= 20.19.0'}

  '@protobuf-ts/grpcweb-transport@2.11.1':
    resolution: {integrity: sha512-1W4utDdvOB+RHMFQ0soL4JdnxjXV+ddeGIUg08DvZrA8Ms6k5NN6GBFU2oHZdTOcJVpPrDJ02RJlqtaoCMNBtw==}

  '@protobuf-ts/runtime-rpc@2.11.1':
    resolution: {integrity: sha512-4CqqUmNA+/uMz00+d3CYKgElXO9VrEbucjnBFEjqI4GuDrEQ32MaI3q+9qPBvIGOlL4PmHXrzM32vBPWRhQKWQ==}

  '@protobuf-ts/runtime@2.11.1':
    resolution: {integrity: sha512-KuDaT1IfHkugM2pyz+FwiY80ejWrkH1pAtOBOZFuR6SXEFTsnb/jiQWQ1rCIrcKx2BtyxnxW6BWwsVSA/Ie+WQ==}

  '@scure/base@2.3.0':
    resolution: {integrity: sha512-NsG6Y03tY6R5BUis4FdVtHVkur0U6FOzskgs9ZXNl78CUc9fkZ78HmENUle1nSOkCasDmbubmWD9qwB7mm4PZA==}

  '@scure/bip32@2.3.0':
    resolution: {integrity: sha512-mMPjNcXxJsvNveIgRIXrnwd4omu0wdXo4JowAUZO7/82+/bpAwVltclx6MG6nv2M3dA6IbfVv4xwWxaREm3OcA==}

  '@scure/bip39@2.3.0':
    resolution: {integrity: sha512-qdyWuxoYwi3+YmqIsfkpz1I029m980WkVPilj+kG7VxSm+gKQ2BmQru3nv3LbMtpSUXuyZwdFT65JkpKu5OHOQ==}

  gql.tada@1.11.3:
    resolution: {integrity: sha512-5JCI4j2f0nug8ILaCQys/yjOP78QqqjVUf47OQsME63rZfemsHT3e5vcfbHsnZiG6vxyqpKUJArtXEVwSefUhw==}
    hasBin: true
    peerDependencies:
      typescript: ^5.0.0 || ^6.0.0 || ^7.0.0 || ^8.0.0

  graphql@16.14.2:
    resolution: {integrity: sha512-Chq1s4CY7jmh8gO2qvLIJyfCDIN+EHLFW/9iShnp1z8FjBQMoodWP1kDC36VAMXXIvAjj4ARa7ntfAV2BrjsbA==}
    engines: {node: ^12.22.0 || ^14.16.0 || ^16.0.0 || >=17.0.0}

  poseidon-lite@0.2.1:
    resolution: {integrity: sha512-xIr+G6HeYfOhCuswdqcFpSX47SPhm0EpisWJ6h7fHlWwaVIvH3dLnejpatrtw6Xc6HaLrpq05y7VRfvDmDGIog==}

  typescript@6.0.3:
    resolution: {integrity: sha512-y2TvuxSZPDyQakkFRPZHKFm+KKVqIisdg9/CZwm9ftvKXLP8NRWj38/ODjNbr43SsoXqNuAisEf1GdCxqWcdBw==}
    engines: {node: '>=14.17'}
    hasBin: true

  valibot@1.4.2:
    resolution: {integrity: sha512-gjdCvJ6d3RyHAneqxMYMW9QMCwYMb3jpOO0IyHZV1bnRHFBHrX3VkIILt5XYR0WhwHiH7Mty8ovuPZ/O3gamrg==}
    peerDependencies:
      typescript: '>=5'
    peerDependenciesMeta:
      typescript:
        optional: true

snapshots:

  '@0no-co/graphql.web@1.3.3(graphql@16.14.2)':
    optionalDependencies:
      graphql: 16.14.2

  '@0no-co/graphqlsp@1.17.3(graphql@16.14.2)(typescript@6.0.3)':
    dependencies:
      '@gql.tada/internal': 1.2.2(graphql@16.14.2)(typescript@6.0.3)
      graphql: 16.14.2
      typescript: 6.0.3

  '@gql.tada/cli-utils@1.9.3(@0no-co/graphqlsp@1.17.3(graphql@16.14.2)(typescript@6.0.3))(graphql@16.14.2)(typescript@6.0.3)':
    dependencies:
      '@0no-co/graphqlsp': 1.17.3(graphql@16.14.2)(typescript@6.0.3)
      '@gql.tada/internal': 1.2.2(graphql@16.14.2)(typescript@6.0.3)
      graphql: 16.14.2
      typescript: 6.0.3

  '@gql.tada/internal@1.2.2(graphql@16.14.2)(typescript@6.0.3)':
    dependencies:
      '@0no-co/graphql.web': 1.3.3(graphql@16.14.2)
      graphql: 16.14.2
      typescript: 6.0.3

  '@graphql-typed-document-node/core@3.2.0(graphql@16.14.2)':
    dependencies:
      graphql: 16.14.2

  '@mysten/bcs@2.1.0':
    dependencies:
      '@mysten/utils': 0.4.0
      '@scure/base': 2.3.0

  '@mysten/sui@2.23.1(typescript@6.0.3)':
    dependencies:
      '@graphql-typed-document-node/core': 3.2.0(graphql@16.14.2)
      '@mysten/bcs': 2.1.0
      '@mysten/utils': 0.4.0
      '@noble/curves': 2.3.0
      '@noble/hashes': 2.3.0
      '@protobuf-ts/grpcweb-transport': 2.11.1
      '@protobuf-ts/runtime': 2.11.1
      '@protobuf-ts/runtime-rpc': 2.11.1
      '@scure/base': 2.3.0
      '@scure/bip32': 2.3.0
      '@scure/bip39': 2.3.0
      gql.tada: 1.11.3(graphql@16.14.2)(typescript@6.0.3)
      graphql: 16.14.2
      poseidon-lite: 0.2.1
      valibot: 1.4.2(typescript@6.0.3)
    transitivePeerDependencies:
      - '@gql.tada/svelte-support'
      - '@gql.tada/vue-support'
      - typescript

  '@mysten/utils@0.4.0':
    dependencies:
      '@scure/base': 2.3.0

  '@noble/curves@2.3.0':
    dependencies:
      '@noble/hashes': 2.3.0

  '@noble/hashes@2.3.0': {}

  '@protobuf-ts/grpcweb-transport@2.11.1':
    dependencies:
      '@protobuf-ts/runtime': 2.11.1
      '@protobuf-ts/runtime-rpc': 2.11.1

  '@protobuf-ts/runtime-rpc@2.11.1':
    dependencies:
      '@protobuf-ts/runtime': 2.11.1

  '@protobuf-ts/runtime@2.11.1': {}

  '@scure/base@2.3.0': {}

  '@scure/bip32@2.3.0':
    dependencies:
      '@noble/curves': 2.3.0
      '@noble/hashes': 2.3.0
      '@scure/base': 2.3.0

  '@scure/bip39@2.3.0':
    dependencies:
      '@noble/hashes': 2.3.0

  gql.tada@1.11.3(graphql@16.14.2)(typescript@6.0.3):
    dependencies:
      '@0no-co/graphql.web': 1.3.3(graphql@16.14.2)
      '@0no-co/graphqlsp': 1.17.3(graphql@16.14.2)(typescript@6.0.3)
      '@gql.tada/cli-utils': 1.9.3(@0no-co/graphqlsp@1.17.3(graphql@16.14.2)(typescript@6.0.3))(graphql@16.14.2)(typescript@6.0.3)
      '@gql.tada/internal': 1.2.2(graphql@16.14.2)(typescript@6.0.3)
      typescript: 6.0.3
    transitivePeerDependencies:
      - '@gql.tada/svelte-support'
      - '@gql.tada/vue-support'
      - graphql

  graphql@16.14.2: {}

  poseidon-lite@0.2.1: {}

  typescript@6.0.3: {}

  valibot@1.4.2(typescript@6.0.3):
    optionalDependencies:
      typescript: 6.0.3
